
Microsoft Visual Studio Solution File, Format Version 12.00
# Visual Studio Version 17
VisualStudioVersion = 17.11.35312.102
MinimumVisualStudioVersion = 10.0.40219.1
Project("{FAE04EC0-301F-11D3-BF4B-00C04F79EFBC}") = "AutoClicker", "AutoClicker\AutoClicker.csproj", "{1DD56BB5-E86A-40ED-A7AF-BF4CD6EBFE41}"
EndProject
Global
	GlobalSection(SolutionConfigurationPlatforms) = preSolution
		Debug|Any CPU = Debug|Any CPU
		Release|Any CPU = Release|Any CPU
	EndGlobalSection
	GlobalSection(ProjectConfigurationPlatforms) = postSolution
		{1DD56BB5-E86A-40ED-A7AF-BF4CD6EBFE41}.Debug|Any CPU.ActiveCfg = Debug|Any CPU
		{1DD56BB5-E86A-40ED-A7AF-BF4CD6EBFE41}.Debug|Any CPU.Build.0 = Debug|Any CPU
		{1DD56BB5-E86A-40ED-A7AF-BF4CD6EBFE41}.Release|Any CPU.ActiveCfg = Release|Any CPU
		{1DD56BB5-E86A-40ED-A7AF-BF4CD6EBFE41}.Release|Any CPU.Build.0 = Release|Any CPU
	EndGlobalSection
	GlobalSection(SolutionProperties) = preSolution
		HideSolutionNode = FALSE
	EndGlobalSection
	GlobalSection(ExtensibilityGlobals) = postSolution
		SolutionGuid = {EF07B412-0A92-48E0-A133-392728283714}
	EndGlobalSection
EndGlobal
